// !$*UTF8*$!
{
	archiveVersion = 1;
	classes = {
	};
	objectVersion = 51;
	objects = {

/* Begin PBXBuildFile section */
		07F4512A26AACC5800D9C4E0 /* AppDelegate.swift in Sources */ = {isa = PBXBuildFile; fileRef = 07F4512926AACC5800D9C4E0 /* AppDelegate.swift */; };
		07F4512C26AACC5800D9C4E0 /* SceneDelegate.swift in Sources */ = {isa = PBXBuildFile; fileRef = 07F4512B26AACC5800D9C4E0 /* SceneDelegate.swift */; };
		07F4513126AACC5800D9C4E0 /* Main.storyboard in Resources */ = {isa = PBXBuildFile; fileRef = 07F4512F26AACC5800D9C4E0 /* Main.storyboard */; };
		07F4513326AACC5900D9C4E0 /* Assets.xcassets in Resources */ = {isa = PBXBuildFile; fileRef = 07F4513226AACC5900D9C4E0 /* Assets.xcassets */; };
		07F4513626AACC5900D9C4E0 /* LaunchScreen.storyboard in Resources */ = {isa = PBXBuildFile; fileRef = 07F4513426AACC5900D9C4E0 /* LaunchScreen.storyboard */; };
		07F4513E26AAEF5A00D9C4E0 /* Persistance.swift in Sources */ = {isa = PBXBuildFile; fileRef = 07F4513D26AAEF5A00D9C4E0 /* Persistance.swift */; };
		07F4514026AAEF8600D9C4E0 /* TableViewController.swift in Sources */ = {isa = PBXBuildFile; fileRef = 07F4513F26AAEF8500D9C4E0 /* TableViewController.swift */; };
		7E4A29DC4346887E639288D8 /* Pods_ContactBook.framework in Frameworks */ = {isa = PBXBuildFile; fileRef = B0C55573376DF0BBA0133144 /* Pods_ContactBook.framework */; };
/* End PBXBuildFile section */

/* Begin PBXFileReference section */
		07F4512626AACC5800D9C4E0 /* ContactBook.app */ = {isa = PBXFileReference; explicitFileType = wrapper.application; includeInIndex = 0; path = ContactBook.app; sourceTree = BUILT_PRODUCTS_DIR; };
		07F4512926AACC5800D9C4E0 /* AppDelegate.swift */ = {isa = PBXFileReference; lastKnownFileType = sourcecode.swift; path = AppDelegate.swift; sourceTree = "<group>"; };
		07F4512B26AACC5800D9C4E0 /* SceneDelegate.swift */ = {isa = PBXFileReference; lastKnownFileType = sourcecode.swift; path = SceneDelegate.swift; sourceTree = "<group>"; };
		07F4513026AACC5800D9C4E0 /* Base */ = {isa = PBXFileReference; lastKnownFileType = file.storyboard; name = Base; path = Base.lproj/Main.storyboard; sourceTree = "<group>"; };
		07F4513226AACC5900D9C4E0 /* Assets.xcassets */ = {isa = PBXFileReference; lastKnownFileType = folder.assetcatalog; path = Assets.xcassets; sourceTree = "<group>"; };
		07F4513526AACC5900D9C4E0 /* Base */ = {isa = PBXFileReference; lastKnownFileType = file.storyboard; name = Base; path = Base.lproj/LaunchScreen.storyboard; sourceTree = "<group>"; };
		07F4513726AACC5900D9C4E0 /* Info.plist */ = {isa = PBXFileReference; lastKnownFileType = text.plist.xml; path = Info.plist; sourceTree = "<group>"; };
		07F4513D26AAEF5A00D9C4E0 /* Persistance.swift */ = {isa = PBXFileReference; lastKnownFileType = sourcecode.swift; path = Persistance.swift; sourceTree = "<group>"; };
		07F4513F26AAEF8500D9C4E0 /* TableViewController.swift */ = {isa = PBXFileReference; lastKnownFileType = sourcecode.swift; path = TableViewController.swift; sourceTree = "<group>"; };
		4DC6AD1BB5C1657309FBFB42 /* Pods-ContactBook.debug.xcconfig */ = {isa = PBXFileReference; includeInIndex = 1; lastKnownFileType = text.xcconfig; name = "Pods-ContactBook.debug.xcconfig"; path = "Target Support Files/Pods-ContactBook/Pods-ContactBook.debug.xcconfig"; sourceTree = "<group>"; };
		6232A908CBF1CD4EC925FF23 /* Pods-ContactBook.release.xcconfig */ = {isa = PBXFileReference; includeInIndex = 1; lastKnownFileType = text.xcconfig; name = "Pods-ContactBook.release.xcconfig"; path = "Target Support Files/Pods-ContactBook/Pods-ContactBook.release.xcconfig"; sourceTree = "<group>"; };
		B0C55573376DF0BBA0133144 /* Pods_ContactBook.framework */ = {isa = PBXFileReference; explicitFileType = wrapper.framework; includeInIndex = 0; path = Pods_ContactBook.framework; sourceTree = BUILT_PRODUCTS_DIR; };
/* End PBXFileReference section */

/* Begin PBXFrameworksBuildPhase section */
		07F4512326AACC5800D9C4E0 /* Frameworks */ = {
			isa = PBXFrameworksBuildPhase;
			buildActionMask = 2147483647;
			files = (
				7E4A29DC4346887E639288D8 /* Pods_ContactBook.framework in Frameworks */,
			);
			runOnlyForDeploymentPostprocessing = 0;
		};
/* End PBXFrameworksBuildPhase section */

/* Begin PBXGroup section */
		07F4511D26AACC5800D9C4E0 = {
			isa = PBXGroup;
			children = (
				07F4512826AACC5800D9C4E0 /* ContactBook */,
				07F4512726AACC5800D9C4E0 /* Products */,
				4BC01BCC2079DA1BFBCAEE47 /* Pods */,
				26C88FE3C86A1901C8070E5B /* Frameworks */,
			);
			sourceTree = "<group>";
		};
		07F4512726AACC5800D9C4E0 /* Products */ = {
			isa = PBXGroup;
			children = (
				07F4512626AACC5800D9C4E0 /* ContactBook.app */,
			);
			name = Products;
			sourceTree = "<group>";
		};
		07F4512826AACC5800D9C4E0 /* ContactBook */ = {
			isa = PBXGroup;
			children = (
				07F4512926AACC5800D9C4E0 /* AppDelegate.swift */,
				07F4512B26AACC5800D9C4E0 /* SceneDelegate.swift */,
				07F4513F26AAEF8500D9C4E0 /* TableViewController.swift */,
				07F4513D26AAEF5A00D9C4E0 /* Persistance.swift */,
				07F4512F26AACC5800D9C4E0 /* Main.storyboard */,
				07F4513226AACC5900D9C4E0 /* Assets.xcassets */,
				07F4513426AACC5900D9C4E0 /* LaunchScreen.storyboard */,
				07F4513726AACC5900D9C4E0 /* Info.plist */,
			);
			path = ContactBook;
			sourceTree = "<group>";
		};
		26C88FE3C86A1901C8070E5B /* Frameworks */ = {
			isa = PBXGroup;
			children = (
				B0C55573376DF0BBA0133144 /* Pods_ContactBook.framework */,
			);
			name = Frameworks;
			sourceTree = "<group>";
		};
		4BC01BCC2079DA1BFBCAEE47 /* Pods */ = {
			isa = PBXGroup;
			children = (
				4DC6AD1BB5C1657309FBFB42 /* Pods-ContactBook.debug.xcconfig */,
				6232A908CBF1CD4EC925FF23 /* Pods-ContactBook.release.xcconfig */,
			);
			path = Pods;
			sourceTree = "<group>";
		};
/* End PBXGroup section */

/* Begin PBXNativeTarget section */
		07F4512526AACC5800D9C4E0 /* ContactBook */ = {
			isa = PBXNativeTarget;
			buildConfigurationList = 07F4513A26AACC5900D9C4E0 /* Build configuration list for PBXNativeTarget "ContactBook" */;
			buildPhases = (
				BA6822326EFE5D503A8F96C1 /* [CP] Check Pods Manifest.lock */,
				07F4512226AACC5800D9C4E0 /* Sources */,
				07F4512326AACC5800D9C4E0 /* Frameworks */,
				07F4512426AACC5800D9C4E0 /* Resources */,
				C94E741DD45E16EE605CD9A5 /* [CP] Embed Pods Frameworks */,
			);
			buildRules = (
			);
			dependencies = (
			);
			name = ContactBook;
			productName = ContactBook;
			productReference = 07F4512626AACC5800D9C4E0 /* ContactBook.app */;
			productType = "com.apple.product-type.application";
		};
/* End PBXNativeTarget section */

/* Begin PBXProject section */
		07F4511E26AACC5800D9C4E0 /* Project object */ = {
			isa = PBXProject;
			attributes = {
				LastSwiftUpdateCheck = 1250;
				LastUpgradeCheck = 1250;
				TargetAttributes = {
					07F4512526AACC5800D9C4E0 = {
						CreatedOnToolsVersion = 12.5.1;
					};
				};
			};
			buildConfigurationList = 07F4512126AACC5800D9C4E0 /* Build configuration list for PBXProject "ContactBook" */;
			compatibilityVersion = "Xcode 9.3";
			developmentRegion = en;
			hasScannedForEncodings = 0;
			knownRegions = (
				en,
				Base,
			);
			mainGroup = 07F4511D26AACC5800D9C4E0;
			productRefGroup = 07F4512726AACC5800D9C4E0 /* Products */;
			projectDirPath = "";
			projectRoot = "";
			targets = (
				07F4512526AACC5800D9C4E0 /* ContactBook */,
			);
		};
/* End PBXProject section */

/* Begin PBXResourcesBuildPhase section */
		07F4512426AACC5800D9C4E0 /* Resources */ = {
			isa = PBXResourcesBuildPhase;
			buildActionMask = 2147483647;
			files = (
				07F4513626AACC5900D9C4E0 /* LaunchScreen.storyboard in Resources */,
				07F4513326AACC5900D9C4E0 /* Assets.xcassets in Resources */,
				07F4513126AACC5800D9C4E0 /* Main.storyboard in Resources */,
			);
			runOnlyForDeploymentPostprocessing = 0;
		};
/* End PBXResourcesBuildPhase section */

/* Begin PBXShellScriptBuildPhase section */
		BA6822326EFE5D503A8F96C1 /* [CP] Check Pods Manifest.lock */ = {
			isa = PBXShellScriptBuildPhase;
			buildActionMask = 2147483647;
			files = (
			);
			inputFileListPaths = (
			);
			inputPaths = (
				"${PODS_PODFILE_DIR_PATH}/Podfile.lock",
				"${PODS_ROOT}/Manifest.lock",
			);
			name = "[CP] Check Pods Manifest.lock";
			outputFileListPaths = (
			);
			outputPaths = (
				"$(DERIVED_FILE_DIR)/Pods-ContactBook-checkManifestLockResult.txt",
			);
			runOnlyForDeploymentPostprocessing = 0;
			shellPath = /bin/sh;
			shellScript = "diff \"${PODS_PODFILE_DIR_PATH}/Podfile.lock\" \"${PODS_ROOT}/Manifest.lock\" > /dev/null\nif [ $? != 0 ] ; then\n    # print error to STDERR\n    echo \"error: The sandbox is not in sync with the Podfile.lock. Run 'pod install' or update your CocoaPods installation.\" >&2\n    exit 1\nfi\n# This output is used by Xcode 'outputs' to avoid re-running this script phase.\necho \"SUCCESS\" > \"${SCRIPT_OUTPUT_FILE_0}\"\n";
			showEnvVarsInLog = 0;
		};
		C94E741DD45E16EE605CD9A5 /* [CP] Embed Pods Frameworks */ = {
			isa = PBXShellScriptBuildPhase;
			buildActionMask = 2147483647;
			files = (
			);
			inputFileListPaths = (
				"${PODS_ROOT}/Target Support Files/Pods-ContactBook/Pods-ContactBook-frameworks-${CONFIGURATION}-input-files.xcfilelist",
			);
			name = "[CP] Embed Pods Frameworks";
			outputFileListPaths = (
				"${PODS_ROOT}/Target Support Files/Pods-ContactBook/Pods-ContactBook-frameworks-${CONFIGURATION}-output-files.xcfilelist",
			);
			runOnlyForDeploymentPostprocessing = 0;
			shellPath = /bin/sh;
			shellScript = "\"${PODS_ROOT}/Target Support Files/Pods-ContactBook/Pods-ContactBook-frameworks.sh\"\n";
			showEnvVarsInLog = 0;
		};
/* End PBXShellScriptBuildPhase section */

/* Begin PBXSourcesBuildPhase section */
		07F4512226AACC5800D9C4E0 /* Sources */ = {
			isa = PBXSourcesBuildPhase;
			buildActionMask = 2147483647;
			files = (
				07F4512A26AACC5800D9C4E0 /* AppDelegate.swift in Sources */,
				07F4512C26AACC5800D9C4E0 /* SceneDelegate.swift in Sources */,
				07F4513E26AAEF5A00D9C4E0 /* Persistance.swift in Sources */,
				07F4514026AAEF8600D9C4E0 /* TableViewController.swift in Sources */,
			);
			runOnlyForDeploymentPostprocessing = 0;
		};
/* End PBXSourcesBuildPhase section */

/* Begin PBXVariantGroup section */
		07F4512F26AACC5800D9C4E0 /* Main.storyboard */ = {
			isa = PBXVariantGroup;
			children = (
				07F4513026AACC5800D9C4E0 /* Base */,
			);
			name = Main.storyboard;
			sourceTree = "<group>";
		};
		07F4513426AACC5900D9C4E0 /* LaunchScreen.storyboard */ = {
			isa = PBXVariantGroup;
			children = (
				07F4513526AACC5900D9C4E0 /* Base */,
			);
			name = LaunchScreen.storyboard;
			sourceTree = "<group>";
		};
/* End PBXVariantGroup section */

/* Begin XCBuildConfiguration section */
		07F4513826AACC5900D9C4E0 /* Debug */ = {
			isa = XCBuildConfiguration;
			buildSettings = {
				ALWAYS_SEARCH_USER_PATHS = NO;
				CLANG_ANALYZER_NONNULL = YES;
				CLANG_ANALYZER_NUMBER_OBJECT_CONVERSION = YES_AGGRESSIVE;
				CLANG_CXX_LANGUAGE_STANDARD = "gnu++14";
				CLANG_CXX_LIBRARY = "libc++";
				CLANG_ENABLE_MODULES = YES;
				CLANG_ENABLE_OBJC_ARC = YES;
				CLANG_ENABLE_OBJC_WEAK = YES;
				CLANG_WARN_BLOCK_CAPTURE_AUTORELEASING = YES;
				CLANG_WARN_BOOL_CONVERSION = YES;
				CLANG_WARN_COMMA = YES;
				CLANG_WARN_CONSTANT_CONVERSION = YES;
				CLANG_WARN_DEPRECATED_OBJC_IMPLEMENTATIONS = YES;
				CLANG_WARN_DIRECT_OBJC_ISA_USAGE = YES_ERROR;
				CLANG_WARN_DOCUMENTATION_COMMENTS = YES;
				CLANG_WARN_EMPTY_BODY = YES;
				CLANG_WARN_ENUM_CONVERSION = YES;
				CLANG_WARN_INFINITE_RECURSION = YES;
				CLANG_WARN_INT_CONVERSION = YES;
				CLANG_WARN_NON_LITERAL_NULL_CONVERSION = YES;
				CLANG_WARN_OBJC_IMPLICIT_RETAIN_SELF = YES;
				CLANG_WARN_OBJC_LITERAL_CONVERSION = YES;
				CLANG_WARN_OBJC_ROOT_CLASS = YES_ERROR;
				CLANG_WARN_QUOTED_INCLUDE_IN_FRAMEWORK_HEADER = YES;
				CLANG_WARN_RANGE_LOOP_ANALYSIS = YES;
				CLANG_WARN_STRICT_PROTOTYPES = YES;
				CLANG_WARN_SUSPICIOUS_MOVE = YES;
				CLANG_WARN_UNGUARDED_AVAILABILITY = YES_AGGRESSIVE;
				CLANG_WARN_UNREACHABLE_CODE = YES;
				CLANG_WARN__DUPLICATE_METHOD_MATCH = YES;
				COPY_PHASE_STRIP = NO;
				DEBUG_INFORMATION_FORMAT = dwarf;
				ENABLE_STRICT_OBJC_MSGSEND = YES;
				ENABLE_TESTABILITY = YES;
				GCC_C_LANGUAGE_STANDARD = gnu11;
				GCC_DYNAMIC_NO_PIC = NO;
				GCC_NO_COMMON_BLOCKS = YES;
				GCC_OPTIMIZATION_LEVEL = 0;
				GCC_PREPROCESSOR_DEFINITIONS = (
					"DEBUG=1",
					"$(inherited)",
				);
				GCC_WARN_64_TO_32_BIT_CONVERSION = YES;
				GCC_WARN_ABOUT_RETURN_TYPE = YES_ERROR;
				GCC_WARN_UNDECLARED_SELECTOR = YES;
				GCC_WARN_UNINITIALIZED_AUTOS = YES_AGGRESSIVE;
				GCC_WARN_UNUSED_FUNCTION = YES;
				GCC_WARN_UNUSED_VARIABLE = YES;
				IPHONEOS_DEPLOYMENT_TARGET = 14.5;
				MTL_ENABLE_DEBUG_INFO = INCLUDE_SOURCE;
				MTL_FAST_MATH = YES;
				ONLY_ACTIVE_ARCH = YES;
				SDKROOT = iphoneos;
				SWIFT_ACTIVE_COMPILATION_CONDITIONS = DEBUG;
				SWIFT_OPTIMIZATION_LEVEL = "-Onone";
			};
			name = Debug;
		};
		07F4513926AACC5900D9C4E0 /* Release */ = {
			isa = XCBuildConfiguration;
			buildSettings = {
				ALWAYS_SEARCH_USER_PATHS = NO;
				CLANG_ANALYZER_NONNULL = YES;
				CLANG_ANALYZER_NUMBER_OBJECT_CONVERSION = YES_AGGRESSIVE;
				CLANG_CXX_LANGUAGE_STANDARD = "gnu++14";
				CLANG_CXX_LIBRARY = "libc++";
				CLANG_ENABLE_MODULES = YES;
				CLANG_ENABLE_OBJC_ARC = YES;
				CLANG_ENABLE_OBJC_WEAK = YES;
				CLANG_WARN_BLOCK_CAPTURE_AUTORELEASING = YES;
				CLANG_WARN_BOOL_CONVERSION = YES;
				CLANG_WARN_COMMA = YES;
				CLANG_WARN_CONSTANT_CONVERSION = YES;
				CLANG_WARN_DEPRECATED_OBJC_IMPLEMENTATIONS = YES;
				CLANG_WARN_DIRECT_OBJC_ISA_USAGE = YES_ERROR;
				CLANG_WARN_DOCUMENTATION_COMMENTS = YES;
				CLANG_WARN_EMPTY_BODY = YES;
				CLANG_WARN_ENUM_CONVERSION = YES;
				CLANG_WARN_INFINITE_RECURSION = YES;
				CLANG_WARN_INT_CONVERSION = YES;
				CLANG_WARN_NON_LITERAL_NULL_CONVERSION = YES;
				CLANG_WARN_OBJC_IMPLICIT_RETAIN_SELF = YES;
				CLANG_WARN_OBJC_LITERAL_CONVERSION = YES;
				CLANG_WARN_OBJC_ROOT_CLASS = YES_ERROR;
				CLANG_WARN_QUOTED_INCLUDE_IN_FRAMEWORK_HEADER = YES;
				CLANG_WARN_RANGE_LOOP_ANALYSIS = YES;
				CLANG_WARN_STRICT_PROTOTYPES = YES;
				CLANG_WARN_SUSPICIOUS_MOVE = YES;
				CLANG_WARN_UNGUARDED_AVAILABILITY = YES_AGGRESSIVE;
				CLANG_WARN_UNREACHABLE_CODE = YES;
				CLANG_WARN__DUPLICATE_METHOD_MATCH = YES;
				COPY_PHASE_STRIP = NO;
				DEBUG_INFORMATION_FORMAT = "dwarf-with-dsym";
				ENABLE_NS_ASSERTIONS = NO;
				ENABLE_STRICT_OBJC_MSGSEND = YES;
				GCC_C_LANGUAGE_STANDARD = gnu11;
				GCC_NO_COMMON_BLOCKS = YES;
				GCC_WARN_64_TO_32_BIT_CONVERSION = YES;
				GCC_WARN_ABOUT_RETURN_TYPE = YES_ERROR;
				GCC_WARN_UNDECLARED_SELECTOR = YES;
				GCC_WARN_UNINITIALIZED_AUTOS = YES_AGGRESSIVE;
				GCC_WARN_UNUSED_FUNCTION = YES;
				GCC_WARN_UNUSED_VARIABLE = YES;
				IPHONEOS_DEPLOYMENT_TARGET = 14.5;
				MTL_ENABLE_DEBUG_INFO = NO;
				MTL_FAST_MATH = YES;
				SDKROOT = iphoneos;
				SWIFT_COMPILATION_MODE = wholemodule;
				SWIFT_OPTIMIZATION_LEVEL = "-O";
				VALIDATE_PRODUCT = YES;
			};
			name = Release;
		};
		07F4513B26AACC5900D9C4E0 /* Debug */ = {
			isa = XCBuildConfiguration;
			baseConfigurationReference = 4DC6AD1BB5C1657309FBFB42 /* Pods-ContactBook.debug.xcconfig */;
			buildSettings = {
				ASSETCATALOG_COMPILER_APPICON_NAME = AppIcon;
				ASSETCATALOG_COMPILER_GLOBAL_ACCENT_COLOR_NAME = AccentColor;
				CODE_SIGN_STYLE = Automatic;
				DEVELOPMENT_TEAM = 4FPA8G328P;
				INFOPLIST_FILE = ContactBook/Info.plist;
				LD_RUNPATH_SEARCH_PATHS = (
					"$(inherited)",
					"@executable_path/Frameworks",
				);
				PRODUCT_BUNDLE_IDENTIFIER = VitalyKrykov.ContactBook;
				PRODUCT_NAME = "$(TARGET_NAME)";
				SWIFT_VERSION = 5.0;
				TARGETED_DEVICE_FAMILY = "1,2";
			};
			name = Debug;
		};
		07F4513C26AACC5900D9C4E0 /* Release */ = {
			isa = XCBuildConfiguration;
			baseConfigurationReference = 6232A908CBF1CD4EC925FF23 /* Pods-ContactBook.release.xcconfig */;
			buildSettings = {
				ASSETCATALOG_COMPILER_APPICON_NAME = AppIcon;
				ASSETCATALOG_COMPILER_GLOBAL_ACCENT_COLOR_NAME = AccentColor;
				CODE_SIGN_STYLE = Automatic;
				DEVELOPMENT_TEAM = 4FPA8G328P;
				INFOPLIST_FILE = ContactBook/Info.plist;
				LD_RUNPATH_SEARCH_PATHS = (
					"$(inherited)",
					"@executable_path/Frameworks",
				);
				PRODUCT_BUNDLE_IDENTIFIER = VitalyKrykov.ContactBook;
				PRODUCT_NAME = "$(TARGET_NAME)";
				SWIFT_VERSION = 5.0;
				TARGETED_DEVICE_FAMILY = "1,2";
			};
			name = Release;
		};
/* End XCBuildConfiguration section */

/* Begin XCConfigurationList section */
		07F4512126AACC5800D9C4E0 /* Build configuration list for PBXProject "ContactBook" */ = {
			isa = XCConfigurationList;
			buildConfigurations = (
				07F4513826AACC5900D9C4E0 /* Debug */,
				07F4513926AACC5900D9C4E0 /* Release */,
			);
			defaultConfigurationIsVisible = 0;
			defaultConfigurationName = Release;
		};
		07F4513A26AACC5900D9C4E0 /* Build configuration list for PBXNativeTarget "ContactBook" */ = {
			isa = XCConfigurationList;
			buildConfigurations = (
				07F4513B26AACC5900D9C4E0 /* Debug */,
				07F4513C26AACC5900D9C4E0 /* Release */,
			);
			defaultConfigurationIsVisible = 0;
			defaultConfigurationName = Release;
		};
/* End XCConfigurationList section */
	};
	rootObject = 07F4511E26AACC5800D9C4E0 /* Project object */;
}
